
Microsoft Visual Studio Solution File, Format Version 10.00
# Visual Studio 2008
Project("{FAE04EC0-301F-11D3-BF4B-00C04F79EFBC}") = "AprsTracker", "AprsTracker\AprsTracker.csproj", "{A29314BB-CF5F-4521-B08D-7959C170466A}"
EndProject
Project("{FAE04EC0-301F-11D3-BF4B-00C04F79EFBC}") = "APRS", "..\APRS\APRS.csproj", "{03FC2E9D-65A3-4CB3-8689-61C8D6A594CD}"
EndProject
Global
	GlobalSection(SolutionConfigurationPlatforms) = preSolution
		Debug on Surface|Any CPU = Debug on Surface|Any CPU
		Debug|Any CPU = Debug|Any CPU
		Release|Any CPU = Release|Any CPU
	EndGlobalSection
	GlobalSection(ProjectConfigurationPlatforms) = postSolution
		{A29314BB-CF5F-4521-B08D-7959C170466A}.Debug on Surface|Any CPU.ActiveCfg = Debug|Any CPU
		{A29314BB-CF5F-4521-B08D-7959C170466A}.Debug on Surface|Any CPU.Build.0 = Debug|Any CPU
		{A29314BB-CF5F-4521-B08D-7959C170466A}.Debug|Any CPU.ActiveCfg = Debug|Any CPU
		{A29314BB-CF5F-4521-B08D-7959C170466A}.Debug|Any CPU.Build.0 = Debug|Any CPU
		{A29314BB-CF5F-4521-B08D-7959C170466A}.Release|Any CPU.ActiveCfg = Release|Any CPU
		{A29314BB-CF5F-4521-B08D-7959C170466A}.Release|Any CPU.Build.0 = Release|Any CPU
		{03FC2E9D-65A3-4CB3-8689-61C8D6A594CD}.Debug on Surface|Any CPU.ActiveCfg = Debug|Any CPU
		{03FC2E9D-65A3-4CB3-8689-61C8D6A594CD}.Debug on Surface|Any CPU.Build.0 = Debug|Any CPU
		{03FC2E9D-65A3-4CB3-8689-61C8D6A594CD}.Debug|Any CPU.ActiveCfg = Debug|Any CPU
		{03FC2E9D-65A3-4CB3-8689-61C8D6A594CD}.Debug|Any CPU.Build.0 = Debug|Any CPU
		{03FC2E9D-65A3-4CB3-8689-61C8D6A594CD}.Release|Any CPU.ActiveCfg = Release|Any CPU
		{03FC2E9D-65A3-4CB3-8689-61C8D6A594CD}.Release|Any CPU.Build.0 = Release|Any CPU
	EndGlobalSection
	GlobalSection(SolutionProperties) = preSolution
		HideSolutionNode = FALSE
	EndGlobalSection
EndGlobal
